
Microsoft Visual Studio Solution File, Format Version 12.00
# Visual Studio Version 16
VisualStudioVersion = 16.0.30621.155
MinimumVisualStudioVersion = 10.0.40219.1
Project("{9A19103F-16F7-4668-BE54-9A1E7A4F7556}") = "Client", "Client\Client.csproj", "{0A8CB75D-D87D-4F7C-A603-46C5A6198AED}"
EndProject
Project("{9A19103F-16F7-4668-BE54-9A1E7A4F7556}") = "Tests", "Tests\Tests.csproj", "{5CAFC180-069F-4CC8-B9C2-4AA5E7D1257E}"
EndProject
Project("{9A19103F-16F7-4668-BE54-9A1E7A4F7556}") = "API", "API\API.csproj", "{74115593-D9A5-4901-A3B9-7A47F4685A6B}"
EndProject
Project("{9A19103F-16F7-4668-BE54-9A1E7A4F7556}") = "SamplePlugin", "Plugins\SamplePlugin\SamplePlugin.csproj", "{EC279BDE-EBF3-4954-B6C2-F321A6C36A34}"
EndProject
Project("{9A19103F-16F7-4668-BE54-9A1E7A4F7556}") = "AutoRelogPlugin", "Plugins\AutoRelogPlugin\AutoRelogPlugin.csproj", "{57AFD186-B7E1-4DAB-B6B0-909883926941}"
EndProject
Project("{2150E333-8FDC-42A3-9474-1A3956D46DE8}") = "Plugins", "Plugins", "{F2DD428D-51E2-4349-8258-971D6D3B64DB}"
EndProject
Global
	GlobalSection(SolutionConfigurationPlatforms) = preSolution
		Debug|Any CPU = Debug|Any CPU
		Release|Any CPU = Release|Any CPU
	EndGlobalSection
	GlobalSection(ProjectConfigurationPlatforms) = postSolution
		{0A8CB75D-D87D-4F7C-A603-46C5A6198AED}.Debug|Any CPU.ActiveCfg = Debug|Any CPU
		{0A8CB75D-D87D-4F7C-A603-46C5A6198AED}.Debug|Any CPU.Build.0 = Debug|Any CPU
		{0A8CB75D-D87D-4F7C-A603-46C5A6198AED}.Release|Any CPU.ActiveCfg = Release|Any CPU
		{0A8CB75D-D87D-4F7C-A603-46C5A6198AED}.Release|Any CPU.Build.0 = Release|Any CPU
		{5CAFC180-069F-4CC8-B9C2-4AA5E7D1257E}.Debug|Any CPU.ActiveCfg = Debug|Any CPU
		{5CAFC180-069F-4CC8-B9C2-4AA5E7D1257E}.Debug|Any CPU.Build.0 = Debug|Any CPU
		{5CAFC180-069F-4CC8-B9C2-4AA5E7D1257E}.Release|Any CPU.ActiveCfg = Release|Any CPU
		{5CAFC180-069F-4CC8-B9C2-4AA5E7D1257E}.Release|Any CPU.Build.0 = Release|Any CPU
		{74115593-D9A5-4901-A3B9-7A47F4685A6B}.Debug|Any CPU.ActiveCfg = Debug|Any CPU
		{74115593-D9A5-4901-A3B9-7A47F4685A6B}.Debug|Any CPU.Build.0 = Debug|Any CPU
		{74115593-D9A5-4901-A3B9-7A47F4685A6B}.Release|Any CPU.ActiveCfg = Release|Any CPU
		{74115593-D9A5-4901-A3B9-7A47F4685A6B}.Release|Any CPU.Build.0 = Release|Any CPU
		{EC279BDE-EBF3-4954-B6C2-F321A6C36A34}.Debug|Any CPU.ActiveCfg = Debug|Any CPU
		{EC279BDE-EBF3-4954-B6C2-F321A6C36A34}.Debug|Any CPU.Build.0 = Debug|Any CPU
		{EC279BDE-EBF3-4954-B6C2-F321A6C36A34}.Release|Any CPU.ActiveCfg = Release|Any CPU
		{EC279BDE-EBF3-4954-B6C2-F321A6C36A34}.Release|Any CPU.Build.0 = Release|Any CPU
		{57AFD186-B7E1-4DAB-B6B0-909883926941}.Debug|Any CPU.ActiveCfg = Debug|Any CPU
		{57AFD186-B7E1-4DAB-B6B0-909883926941}.Debug|Any CPU.Build.0 = Debug|Any CPU
		{57AFD186-B7E1-4DAB-B6B0-909883926941}.Release|Any CPU.ActiveCfg = Release|Any CPU
		{57AFD186-B7E1-4DAB-B6B0-909883926941}.Release|Any CPU.Build.0 = Release|Any CPU
	EndGlobalSection
	GlobalSection(SolutionProperties) = preSolution
		HideSolutionNode = FALSE
	EndGlobalSection
	GlobalSection(NestedProjects) = preSolution
		{EC279BDE-EBF3-4954-B6C2-F321A6C36A34} = {F2DD428D-51E2-4349-8258-971D6D3B64DB}
		{57AFD186-B7E1-4DAB-B6B0-909883926941} = {F2DD428D-51E2-4349-8258-971D6D3B64DB}
	EndGlobalSection
	GlobalSection(ExtensibilityGlobals) = postSolution
		SolutionGuid = {342BC644-F89F-4B86-B5EC-7C8BB86EA9E9}
	EndGlobalSection
EndGlobal
